
Microsoft Visual Studio Solution File, Format Version 12.00
# Visual Studio Version 17
VisualStudioVersion = 17.7.34031.279
MinimumVisualStudioVersion = 10.0.40219.1
Project("{FAE04EC0-301F-11D3-BF4B-00C04F79EFBC}") = "Nomina", "Nomina\Nomina.csproj", "{FE2DD271-9B0B-4282-8AE7-CF6369F33E08}"
EndProject
Global
	GlobalSection(SolutionConfigurationPlatforms) = preSolution
		Debug|Any CPU = Debug|Any CPU
		Release|Any CPU = Release|Any CPU
	EndGlobalSection
	GlobalSection(ProjectConfigurationPlatforms) = postSolution
		{FE2DD271-9B0B-4282-8AE7-CF6369F33E08}.Debug|Any CPU.ActiveCfg = Debug|Any CPU
		{FE2DD271-9B0B-4282-8AE7-CF6369F33E08}.Debug|Any CPU.Build.0 = Debug|Any CPU
		{FE2DD271-9B0B-4282-8AE7-CF6369F33E08}.Release|Any CPU.ActiveCfg = Release|Any CPU
		{FE2DD271-9B0B-4282-8AE7-CF6369F33E08}.Release|Any CPU.Build.0 = Release|Any CPU
	EndGlobalSection
	GlobalSection(SolutionProperties) = preSolution
		HideSolutionNode = FALSE
	EndGlobalSection
	GlobalSection(ExtensibilityGlobals) = postSolution
		SolutionGuid = {DFB2C728-BC59-4C3E-883C-F69EFACA68E8}
	EndGlobalSection
EndGlobal
